
Microsoft Visual Studio Solution File, Format Version 12.00
# Visual Studio Version 16
VisualStudioVersion = 16.0.31112.23
MinimumVisualStudioVersion = 10.0.40219.1
Project("{9A19103F-16F7-4668-BE54-9A1E7A4F7556}") = "PortfolioWebsite", "PortfolioWebsite\PortfolioWebsite.csproj", "{F6955C81-CEA0-4F8E-AEFD-2EF2992459A1}"
EndProject
Global
	GlobalSection(SolutionConfigurationPlatforms) = preSolution
		Debug|Any CPU = Debug|Any CPU
		Release|Any CPU = Release|Any CPU
	EndGlobalSection
	GlobalSection(ProjectConfigurationPlatforms) = postSolution
		{F6955C81-CEA0-4F8E-AEFD-2EF2992459A1}.Debug|Any CPU.ActiveCfg = Debug|Any CPU
		{F6955C81-CEA0-4F8E-AEFD-2EF2992459A1}.Debug|Any CPU.Build.0 = Debug|Any CPU
		{F6955C81-CEA0-4F8E-AEFD-2EF2992459A1}.Release|Any CPU.ActiveCfg = Release|Any CPU
		{F6955C81-CEA0-4F8E-AEFD-2EF2992459A1}.Release|Any CPU.Build.0 = Release|Any CPU
	EndGlobalSection
	GlobalSection(SolutionProperties) = preSolution
		HideSolutionNode = FALSE
	EndGlobalSection
	GlobalSection(ExtensibilityGlobals) = postSolution
		SolutionGuid = {653CC19F-07B0-45E0-A607-F008DBD6E75E}
	EndGlobalSection
EndGlobal
